
Microsoft Visual Studio Solution File, Format Version 12.00
Project("{FAE04EC0-301F-11D3-BF4B-00C04F79EFBC}") = "SIL.PasswordStore", "SIL.PasswordStore\SIL.PasswordStore.csproj", "{A6C34EA1-7BC5-4665-8008-653DAE181A1E}"
EndProject
Project("{FAE04EC0-301F-11D3-BF4B-00C04F79EFBC}") = "SIL.PasswordStore.Tests", "SIL.PasswordStore.Tests\SIL.PasswordStore.Tests.csproj", "{7D7A76FC-6832-4EE2-AC0E-96363C8E33DC}"
EndProject
Project("{2150E333-8FDC-42A3-9474-1A3956D46DE8}") = "SolutionFolder", "SolutionFolder", "{970BD36F-B387-40E8-BD55-1AEE3CDF5597}"
ProjectSection(SolutionItems) = preProject
	CHANGELOG.md = CHANGELOG.md
	LICENSE = LICENSE
	README.md = README.md
	.editorconfig = .editorconfig
EndProjectSection
EndProject
Project("{FAE04EC0-301F-11D3-BF4B-00C04F79EFBC}") = "TestApp", "TestApp\TestApp.csproj", "{14B912F5-3336-4914-A060-3016B531FD47}"
EndProject
Global
	GlobalSection(SolutionConfigurationPlatforms) = preSolution
		Debug|Any CPU = Debug|Any CPU
		Release|Any CPU = Release|Any CPU
	EndGlobalSection
	GlobalSection(ProjectConfigurationPlatforms) = postSolution
		{A6C34EA1-7BC5-4665-8008-653DAE181A1E}.Debug|Any CPU.ActiveCfg = Debug|Any CPU
		{A6C34EA1-7BC5-4665-8008-653DAE181A1E}.Debug|Any CPU.Build.0 = Debug|Any CPU
		{A6C34EA1-7BC5-4665-8008-653DAE181A1E}.Release|Any CPU.ActiveCfg = Release|Any CPU
		{A6C34EA1-7BC5-4665-8008-653DAE181A1E}.Release|Any CPU.Build.0 = Release|Any CPU
		{7D7A76FC-6832-4EE2-AC0E-96363C8E33DC}.Debug|Any CPU.ActiveCfg = Debug|Any CPU
		{7D7A76FC-6832-4EE2-AC0E-96363C8E33DC}.Debug|Any CPU.Build.0 = Debug|Any CPU
		{7D7A76FC-6832-4EE2-AC0E-96363C8E33DC}.Release|Any CPU.ActiveCfg = Release|Any CPU
		{7D7A76FC-6832-4EE2-AC0E-96363C8E33DC}.Release|Any CPU.Build.0 = Release|Any CPU
		{14B912F5-3336-4914-A060-3016B531FD47}.Debug|Any CPU.ActiveCfg = Debug|Any CPU
		{14B912F5-3336-4914-A060-3016B531FD47}.Debug|Any CPU.Build.0 = Debug|Any CPU
		{14B912F5-3336-4914-A060-3016B531FD47}.Release|Any CPU.ActiveCfg = Release|Any CPU
		{14B912F5-3336-4914-A060-3016B531FD47}.Release|Any CPU.Build.0 = Release|Any CPU
	EndGlobalSection
EndGlobal
